{
  "name": "todo-app",
  "lockfileVersion": 3,
  "requires": true,
  "packages": {
    "": {
      "dependencies": {
        "keycloak-js": "^26.1.0",
        "react-stripe-checkout": "^2.6.3"
      }
    },
    "node_modules/keycloak-js": {
      "version": "26.1.0",
      "resolved": "https://registry.npmjs.org/keycloak-js/-/keycloak-js-26.1.0.tgz",
      "integrity": "sha512-3CTelLNADK6sIxGHCQmKlT3ezcIp8O3Iimmg+ybS78RHy+HAUkkoBaW/YuHGdYkfEDMBlrqD3u+CQ4vLsrmyFA==",
      "license": "Apache-2.0"
    },
    "node_modules/react-stripe-checkout": {
      "version": "2.6.3",
      "resolved": "https://registry.npmjs.org/react-stripe-checkout/-/react-stripe-checkout-2.6.3.tgz",
      "integrity": "sha512-lnsCaAdlmwPGGMbQoI8FXtQUgEm+ktzPZ/ipAw4j0HYf80kef7CivGx6QitmgEn99/aa5hI/dmVXwfVZW/Mzfg==",
      "license": "MIT"
    }
  }
}
